
Microsoft Visual Studio Solution File, Format Version 12.00
# Visual Studio Version 16
VisualStudioVersion = 16.0.30611.23
MinimumVisualStudioVersion = 10.0.40219.1
Project("{FAE04EC0-301F-11D3-BF4B-00C04F79EFBC}") = "ClientProxy-P4-107_Form", "ClientProxy-P4-107_Form.csproj", "{69BA9D1F-ACD3-4938-8DA9-82ED3B7B31EA}"
EndProject
Global
	GlobalSection(SolutionConfigurationPlatforms) = preSolution
		Debug|Any CPU = Debug|Any CPU
		Release|Any CPU = Release|Any CPU
	EndGlobalSection
	GlobalSection(ProjectConfigurationPlatforms) = postSolution
		{69BA9D1F-ACD3-4938-8DA9-82ED3B7B31EA}.Debug|Any CPU.ActiveCfg = Debug|Any CPU
		{69BA9D1F-ACD3-4938-8DA9-82ED3B7B31EA}.Debug|Any CPU.Build.0 = Debug|Any CPU
		{69BA9D1F-ACD3-4938-8DA9-82ED3B7B31EA}.Release|Any CPU.ActiveCfg = Release|Any CPU
		{69BA9D1F-ACD3-4938-8DA9-82ED3B7B31EA}.Release|Any CPU.Build.0 = Release|Any CPU
	EndGlobalSection
	GlobalSection(SolutionProperties) = preSolution
		HideSolutionNode = FALSE
	EndGlobalSection
	GlobalSection(ExtensibilityGlobals) = postSolution
		SolutionGuid = {A64B02BF-07BF-4C3B-84D5-64EF6131253B}
	EndGlobalSection
EndGlobal
